
Microsoft Visual Studio Solution File, Format Version 12.00
# Visual Studio Version 17
VisualStudioVersion = 17.9.34714.143
MinimumVisualStudioVersion = 10.0.40219.1
Project("{9A19103F-16F7-4668-BE54-9A1E7A4F7556}") = "FireAxe.GUI", "FireAxe.GUI\FireAxe.GUI.csproj", "{D5682C89-AF14-4304-AC4A-9C192348AD05}"
EndProject
Project("{9A19103F-16F7-4668-BE54-9A1E7A4F7556}") = "FireAxe.Core", "FireAxe.Core\FireAxe.Core.csproj", "{6619B1C8-CC2B-4A28-9B73-1E9F6A768289}"
EndProject
Project("{9A19103F-16F7-4668-BE54-9A1E7A4F7556}") = "FireAxe.CrashReporter", "FireAxe.CrashReporter\FireAxe.CrashReporter.csproj", "{77A1ADA3-3D91-489E-B98C-F38D863340BF}"
EndProject
Project("{2150E333-8FDC-42A3-9474-1A3956D46DE8}") = "解决方案项", "解决方案项", "{962B7D1D-4333-4D2D-B402-A18CB808DDD4}"
	ProjectSection(SolutionItems) = preProject
		CHANGELOG.md = CHANGELOG.md
		Directory.Build.props = Directory.Build.props
		README.md = README.md
		README.zh-Hans.md = README.zh-Hans.md
	EndProjectSection
EndProject
Global
	GlobalSection(SolutionConfigurationPlatforms) = preSolution
		Debug|Any CPU = Debug|Any CPU
		Debug|x64 = Debug|x64
		Release|Any CPU = Release|Any CPU
		Release|x64 = Release|x64
	EndGlobalSection
	GlobalSection(ProjectConfigurationPlatforms) = postSolution
		{D5682C89-AF14-4304-AC4A-9C192348AD05}.Debug|Any CPU.ActiveCfg = Debug|Any CPU
		{D5682C89-AF14-4304-AC4A-9C192348AD05}.Debug|Any CPU.Build.0 = Debug|Any CPU
		{D5682C89-AF14-4304-AC4A-9C192348AD05}.Debug|x64.ActiveCfg = Debug|x64
		{D5682C89-AF14-4304-AC4A-9C192348AD05}.Debug|x64.Build.0 = Debug|x64
		{D5682C89-AF14-4304-AC4A-9C192348AD05}.Release|Any CPU.ActiveCfg = Release|Any CPU
		{D5682C89-AF14-4304-AC4A-9C192348AD05}.Release|Any CPU.Build.0 = Release|Any CPU
		{D5682C89-AF14-4304-AC4A-9C192348AD05}.Release|x64.ActiveCfg = Release|x64
		{D5682C89-AF14-4304-AC4A-9C192348AD05}.Release|x64.Build.0 = Release|x64
		{6619B1C8-CC2B-4A28-9B73-1E9F6A768289}.Debug|Any CPU.ActiveCfg = Debug|Any CPU
		{6619B1C8-CC2B-4A28-9B73-1E9F6A768289}.Debug|Any CPU.Build.0 = Debug|Any CPU
		{6619B1C8-CC2B-4A28-9B73-1E9F6A768289}.Debug|x64.ActiveCfg = Debug|x64
		{6619B1C8-CC2B-4A28-9B73-1E9F6A768289}.Debug|x64.Build.0 = Debug|x64
		{6619B1C8-CC2B-4A28-9B73-1E9F6A768289}.Release|Any CPU.ActiveCfg = Release|Any CPU
		{6619B1C8-CC2B-4A28-9B73-1E9F6A768289}.Release|Any CPU.Build.0 = Release|Any CPU
		{6619B1C8-CC2B-4A28-9B73-1E9F6A768289}.Release|x64.ActiveCfg = Release|x64
		{6619B1C8-CC2B-4A28-9B73-1E9F6A768289}.Release|x64.Build.0 = Release|x64
		{77A1ADA3-3D91-489E-B98C-F38D863340BF}.Debug|Any CPU.ActiveCfg = Debug|Any CPU
		{77A1ADA3-3D91-489E-B98C-F38D863340BF}.Debug|Any CPU.Build.0 = Debug|Any CPU
		{77A1ADA3-3D91-489E-B98C-F38D863340BF}.Debug|x64.ActiveCfg = Debug|x64
		{77A1ADA3-3D91-489E-B98C-F38D863340BF}.Debug|x64.Build.0 = Debug|x64
		{77A1ADA3-3D91-489E-B98C-F38D863340BF}.Release|Any CPU.ActiveCfg = Release|Any CPU
		{77A1ADA3-3D91-489E-B98C-F38D863340BF}.Release|Any CPU.Build.0 = Release|Any CPU
		{77A1ADA3-3D91-489E-B98C-F38D863340BF}.Release|x64.ActiveCfg = Release|x64
		{77A1ADA3-3D91-489E-B98C-F38D863340BF}.Release|x64.Build.0 = Release|x64
	EndGlobalSection
	GlobalSection(SolutionProperties) = preSolution
		HideSolutionNode = FALSE
	EndGlobalSection
	GlobalSection(ExtensibilityGlobals) = postSolution
		SolutionGuid = {6CFFAD11-57F6-48D6-BC8C-4AF2AF70979F}
	EndGlobalSection
EndGlobal
